
Microsoft Visual Studio Solution File, Format Version 12.00
# Visual Studio 15
Project("{FAE04EC0-301F-11D3-BF4B-00C04F79EFBC}") = "TicketSystem", "TicketSystem\TicketSystem.csproj", "{AFA9F250-9CA7-4B25-844D-461D72478FD8}"
EndProject
Global
	GlobalSection(SolutionConfigurationPlatforms) = preSolution
		Debug|anycpu = Debug|anycpu
		Release|anycpu = Release|anycpu
	EndGlobalSection
	GlobalSection(ProjectConfigurationPlatforms) = postSolution
		{AFA9F250-9CA7-4B25-844D-461D72478FD8}.Debug|anycpu.ActiveCfg = Debug|anycpu
		{AFA9F250-9CA7-4B25-844D-461D72478FD8}.Debug|anycpu.Build.0 = Debug|anycpu
		{AFA9F250-9CA7-4B25-844D-461D72478FD8}.Release|anycpu.ActiveCfg = Release|anycpu
		{AFA9F250-9CA7-4B25-844D-461D72478FD8}.Release|anycpu.Build.0 = Release|anycpu
	EndGlobalSection
EndGlobal
