
Microsoft Visual Studio Solution File, Format Version 12.00
# Visual Studio 15
Project("{FAE04EC0-301F-11D3-BF4B-00C04F79EFBC}") = "BackendCourse", "BackendCourse\BackendCourse.csproj", "{856F3D34-4BCA-4C9F-87B5-2C9FA53303A6}"
EndProject
Global
	GlobalSection(SolutionConfigurationPlatforms) = preSolution
		Debug|anycpu = Debug|anycpu
		Release|anycpu = Release|anycpu
	EndGlobalSection
	GlobalSection(ProjectConfigurationPlatforms) = postSolution
		{856F3D34-4BCA-4C9F-87B5-2C9FA53303A6}.Debug|anycpu.ActiveCfg = Debug|anycpu
		{856F3D34-4BCA-4C9F-87B5-2C9FA53303A6}.Debug|anycpu.Build.0 = Debug|anycpu
		{856F3D34-4BCA-4C9F-87B5-2C9FA53303A6}.Release|anycpu.ActiveCfg = Release|anycpu
		{856F3D34-4BCA-4C9F-87B5-2C9FA53303A6}.Release|anycpu.Build.0 = Release|anycpu
	EndGlobalSection
EndGlobal
